
Microsoft Visual Studio Solution File, Format Version 12.00
# Visual Studio Version 17
VisualStudioVersion = 17.4.33213.308
MinimumVisualStudioVersion = 10.0.40219.1
Project("{FAE04EC0-301F-11D3-BF4B-00C04F79EFBC}") = "contatore-deluxe-dotnet", "contatore-deluxe-dotnet\contatore-deluxe-dotnet.csproj", "{B69E8C35-DE1A-4A1C-9E19-A569A2ED5381}"
EndProject
Global
	GlobalSection(SolutionConfigurationPlatforms) = preSolution
		Debug|Any CPU = Debug|Any CPU
		Release|Any CPU = Release|Any CPU
	EndGlobalSection
	GlobalSection(ProjectConfigurationPlatforms) = postSolution
		{B69E8C35-DE1A-4A1C-9E19-A569A2ED5381}.Debug|Any CPU.ActiveCfg = Debug|Any CPU
		{B69E8C35-DE1A-4A1C-9E19-A569A2ED5381}.Debug|Any CPU.Build.0 = Debug|Any CPU
		{B69E8C35-DE1A-4A1C-9E19-A569A2ED5381}.Release|Any CPU.ActiveCfg = Release|Any CPU
		{B69E8C35-DE1A-4A1C-9E19-A569A2ED5381}.Release|Any CPU.Build.0 = Release|Any CPU
	EndGlobalSection
	GlobalSection(SolutionProperties) = preSolution
		HideSolutionNode = FALSE
	EndGlobalSection
	GlobalSection(ExtensibilityGlobals) = postSolution
		SolutionGuid = {80DC7C82-B254-46AF-99BE-A69976B27ACF}
	EndGlobalSection
EndGlobal
